
Microsoft Visual Studio Solution File, Format Version 12.00
# Visual Studio Version 17
VisualStudioVersion = 17.5.33627.172
MinimumVisualStudioVersion = 10.0.40219.1
Project("{FAE04EC0-301F-11D3-BF4B-00C04F79EFBC}") = "driver_prj", "driver_prj\driver_prj.csproj", "{766EB8A5-B23C-4932-AEF7-B52795973B9E}"
EndProject
Global
	GlobalSection(SolutionConfigurationPlatforms) = preSolution
		Debug|Any CPU = Debug|Any CPU
		Release|Any CPU = Release|Any CPU
	EndGlobalSection
	GlobalSection(ProjectConfigurationPlatforms) = postSolution
		{766EB8A5-B23C-4932-AEF7-B52795973B9E}.Debug|Any CPU.ActiveCfg = Debug|Any CPU
		{766EB8A5-B23C-4932-AEF7-B52795973B9E}.Debug|Any CPU.Build.0 = Debug|Any CPU
		{766EB8A5-B23C-4932-AEF7-B52795973B9E}.Release|Any CPU.ActiveCfg = Release|Any CPU
		{766EB8A5-B23C-4932-AEF7-B52795973B9E}.Release|Any CPU.Build.0 = Release|Any CPU
	EndGlobalSection
	GlobalSection(SolutionProperties) = preSolution
		HideSolutionNode = FALSE
	EndGlobalSection
	GlobalSection(ExtensibilityGlobals) = postSolution
		SolutionGuid = {EB04A9F2-B94B-49DD-85B6-E1261E179FAA}
	EndGlobalSection
EndGlobal
